
Microsoft Visual Studio Solution File, Format Version 12.00
# Visual Studio Version 17
VisualStudioVersion = 17.11.35219.272
MinimumVisualStudioVersion = 10.0.40219.1
Project("{FAE04EC0-301F-11D3-BF4B-00C04F79EFBC}") = "Airline Reservation System", "Airline Reservation System\Airline Reservation System.csproj", "{A2DF5226-F607-46E8-B7FD-642909D2B99B}"
EndProject
Global
	GlobalSection(SolutionConfigurationPlatforms) = preSolution
		Debug|Any CPU = Debug|Any CPU
		Release|Any CPU = Release|Any CPU
	EndGlobalSection
	GlobalSection(ProjectConfigurationPlatforms) = postSolution
		{A2DF5226-F607-46E8-B7FD-642909D2B99B}.Debug|Any CPU.ActiveCfg = Debug|Any CPU
		{A2DF5226-F607-46E8-B7FD-642909D2B99B}.Debug|Any CPU.Build.0 = Debug|Any CPU
		{A2DF5226-F607-46E8-B7FD-642909D2B99B}.Release|Any CPU.ActiveCfg = Release|Any CPU
		{A2DF5226-F607-46E8-B7FD-642909D2B99B}.Release|Any CPU.Build.0 = Release|Any CPU
	EndGlobalSection
	GlobalSection(SolutionProperties) = preSolution
		HideSolutionNode = FALSE
	EndGlobalSection
	GlobalSection(ExtensibilityGlobals) = postSolution
		SolutionGuid = {967B9E93-EA27-4C04-8E00-594AED9ABBC1}
	EndGlobalSection
EndGlobal
